
Microsoft Visual Studio Solution File, Format Version 12.00
# Visual Studio 2013
VisualStudioVersion = 12.0.40629.0
MinimumVisualStudioVersion = 10.0.40219.1
Project("{FAE04EC0-301F-11D3-BF4B-00C04F79EFBC}") = "RolletApi.Models", "RolletApi.Models\RolletApi.Models.csproj", "{FADEC79E-B421-47EE-A789-77D7D1B3984A}"
EndProject
Project("{FAE04EC0-301F-11D3-BF4B-00C04F79EFBC}") = "RolletApi.Concrete", "RolletApi.Concrete\RolletApi.Concrete.csproj", "{F139170F-798F-4C25-A3EA-C8DD239F377B}"
EndProject
Project("{FAE04EC0-301F-11D3-BF4B-00C04F79EFBC}") = "RolletApi.Abstract", "RolletApi.Abstract\RolletApi.Abstract.csproj", "{4DAE25A8-175C-4E88-A0B3-E40EF117F2E5}"
EndProject
Global
	GlobalSection(SolutionConfigurationPlatforms) = preSolution
		Debug|Any CPU = Debug|Any CPU
		Release|Any CPU = Release|Any CPU
	EndGlobalSection
	GlobalSection(ProjectConfigurationPlatforms) = postSolution
		{FADEC79E-B421-47EE-A789-77D7D1B3984A}.Debug|Any CPU.ActiveCfg = Debug|Any CPU
		{FADEC79E-B421-47EE-A789-77D7D1B3984A}.Debug|Any CPU.Build.0 = Debug|Any CPU
		{FADEC79E-B421-47EE-A789-77D7D1B3984A}.Release|Any CPU.ActiveCfg = Release|Any CPU
		{FADEC79E-B421-47EE-A789-77D7D1B3984A}.Release|Any CPU.Build.0 = Release|Any CPU
		{F139170F-798F-4C25-A3EA-C8DD239F377B}.Debug|Any CPU.ActiveCfg = Debug|Any CPU
		{F139170F-798F-4C25-A3EA-C8DD239F377B}.Debug|Any CPU.Build.0 = Debug|Any CPU
		{F139170F-798F-4C25-A3EA-C8DD239F377B}.Release|Any CPU.ActiveCfg = Release|Any CPU
		{F139170F-798F-4C25-A3EA-C8DD239F377B}.Release|Any CPU.Build.0 = Release|Any CPU
		{4DAE25A8-175C-4E88-A0B3-E40EF117F2E5}.Debug|Any CPU.ActiveCfg = Debug|Any CPU
		{4DAE25A8-175C-4E88-A0B3-E40EF117F2E5}.Debug|Any CPU.Build.0 = Debug|Any CPU
		{4DAE25A8-175C-4E88-A0B3-E40EF117F2E5}.Release|Any CPU.ActiveCfg = Release|Any CPU
		{4DAE25A8-175C-4E88-A0B3-E40EF117F2E5}.Release|Any CPU.Build.0 = Release|Any CPU
	EndGlobalSection
	GlobalSection(SolutionProperties) = preSolution
		HideSolutionNode = FALSE
	EndGlobalSection
EndGlobal
